
Microsoft Visual Studio Solution File, Format Version 12.00
# Visual Studio Version 17
VisualStudioVersion = 17.0.31903.59
MinimumVisualStudioVersion = 10.0.40219.1
Project("{2150E333-8FDC-42A3-9474-1A3956D46DE8}") = "common", "common", "{4D868479-5258-4D38-A7E2-F9D811EFD6EB}"
	ProjectSection(SolutionItems) = preProject
		.editorconfig = .editorconfig
		.gitignore = .gitignore
		Directory.Packages.props = Directory.Packages.props
		README.md = README.md
		docker-compose.yaml = docker-compose.yaml
		.github\workflows\dotnet.yml = .github\workflows\dotnet.yml
	EndProjectSection
EndProject
Project("{2150E333-8FDC-42A3-9474-1A3956D46DE8}") = "src", "src", "{9E642318-8B31-4255-81FB-803949BD0C2F}"
	ProjectSection(SolutionItems) = preProject
		src\Directory.Build.props = src\Directory.Build.props
	EndProjectSection
EndProject
Project("{2150E333-8FDC-42A3-9474-1A3956D46DE8}") = "tests", "tests", "{30B5EA61-1992-47C8-B418-20D56EEB58A9}"
	ProjectSection(SolutionItems) = preProject
		tests\Directory.Build.props = tests\Directory.Build.props
	EndProjectSection
EndProject
Project("{FAE04EC0-301F-11D3-BF4B-00C04F79EFBC}") = "Yautbox", "src\Yautbox\Yautbox.csproj", "{7AE9734E-1E46-4D25-82DA-DA6A8D6B7BFD}"
EndProject
Project("{FAE04EC0-301F-11D3-BF4B-00C04F79EFBC}") = "Yautbox.Postgres", "src\Yautbox.Postgres\Yautbox.Postgres.csproj", "{5FA04F60-1E43-46C3-B8DA-3D71E94CCCB4}"
EndProject
Project("{FAE04EC0-301F-11D3-BF4B-00C04F79EFBC}") = "Yautbox.Mssql", "src\Yautbox.Mssql\Yautbox.Mssql.csproj", "{24A83835-327B-4702-A38E-FECA0A07C32B}"
EndProject
Project("{FAE04EC0-301F-11D3-BF4B-00C04F79EFBC}") = "Yautbox.InMemory", "src\Yautbox.InMemory\Yautbox.InMemory.csproj", "{179F61CB-59D2-48F4-8127-6DA68BE68A70}"
EndProject
Project("{FAE04EC0-301F-11D3-BF4B-00C04F79EFBC}") = "Yautbox.UnitTests", "tests\Yautbox.UnitTests\Yautbox.UnitTests.csproj", "{AF77B168-74F8-48A5-80E4-6AE754FE2050}"
EndProject
Project("{FAE04EC0-301F-11D3-BF4B-00C04F79EFBC}") = "Yautbox.InMemory.IntegrationTests", "tests\Yautbox.InMemory.IntegrationTests\Yautbox.InMemory.IntegrationTests.csproj", "{BF98938E-E565-4195-BC36-4C12D4307DA2}"
EndProject
Project("{FAE04EC0-301F-11D3-BF4B-00C04F79EFBC}") = "Yautbox.InMemory.UnitTests", "tests\Yautbox.InMemory.UnitTests\Yautbox.InMemory.UnitTests.csproj", "{9612E77F-EE25-4D8D-8165-A777DEDFA4A2}"
EndProject
Project("{FAE04EC0-301F-11D3-BF4B-00C04F79EFBC}") = "Yautbox.Postgres.IntegrationTests", "tests\Yautbox.Postgres.IntegrationTests\Yautbox.Postgres.IntegrationTests.csproj", "{185CAF02-7942-4240-857B-FE647BD2581E}"
EndProject
Project("{FAE04EC0-301F-11D3-BF4B-00C04F79EFBC}") = "Yautbox.Postgres.UnitTests", "tests\Yautbox.Postgres.UnitTests\Yautbox.Postgres.UnitTests.csproj", "{179F5510-CADB-47B0-956E-B9D63912F78B}"
EndProject
Project("{FAE04EC0-301F-11D3-BF4B-00C04F79EFBC}") = "Yautbox.Mssql.UnitTests", "tests\Yautbox.Mssql.UnitTests\Yautbox.Mssql.UnitTests.csproj", "{30CA86F2-FC17-4363-913A-978BD7282269}"
EndProject
Project("{FAE04EC0-301F-11D3-BF4B-00C04F79EFBC}") = "Yautbox.Mssql.IntegrationTests", "tests\Yautbox.Mssql.IntegrationTests\Yautbox.Mssql.IntegrationTests.csproj", "{0D5C5EBB-C1AE-47E3-9FB8-35C632D009DE}"
EndProject
Global
	GlobalSection(SolutionConfigurationPlatforms) = preSolution
		Debug|Any CPU = Debug|Any CPU
		Release|Any CPU = Release|Any CPU
	EndGlobalSection
	GlobalSection(SolutionProperties) = preSolution
		HideSolutionNode = FALSE
	EndGlobalSection
	GlobalSection(NestedProjects) = preSolution
		{7AE9734E-1E46-4D25-82DA-DA6A8D6B7BFD} = {9E642318-8B31-4255-81FB-803949BD0C2F}
		{5FA04F60-1E43-46C3-B8DA-3D71E94CCCB4} = {9E642318-8B31-4255-81FB-803949BD0C2F}
		{24A83835-327B-4702-A38E-FECA0A07C32B} = {9E642318-8B31-4255-81FB-803949BD0C2F}
		{179F61CB-59D2-48F4-8127-6DA68BE68A70} = {9E642318-8B31-4255-81FB-803949BD0C2F}
		{AF77B168-74F8-48A5-80E4-6AE754FE2050} = {30B5EA61-1992-47C8-B418-20D56EEB58A9}
		{BF98938E-E565-4195-BC36-4C12D4307DA2} = {30B5EA61-1992-47C8-B418-20D56EEB58A9}
		{9612E77F-EE25-4D8D-8165-A777DEDFA4A2} = {30B5EA61-1992-47C8-B418-20D56EEB58A9}
		{185CAF02-7942-4240-857B-FE647BD2581E} = {30B5EA61-1992-47C8-B418-20D56EEB58A9}
		{179F5510-CADB-47B0-956E-B9D63912F78B} = {30B5EA61-1992-47C8-B418-20D56EEB58A9}
		{30CA86F2-FC17-4363-913A-978BD7282269} = {30B5EA61-1992-47C8-B418-20D56EEB58A9}
		{0D5C5EBB-C1AE-47E3-9FB8-35C632D009DE} = {30B5EA61-1992-47C8-B418-20D56EEB58A9}
	EndGlobalSection
	GlobalSection(ProjectConfigurationPlatforms) = postSolution
		{7AE9734E-1E46-4D25-82DA-DA6A8D6B7BFD}.Debug|Any CPU.ActiveCfg = Debug|Any CPU
		{7AE9734E-1E46-4D25-82DA-DA6A8D6B7BFD}.Debug|Any CPU.Build.0 = Debug|Any CPU
		{7AE9734E-1E46-4D25-82DA-DA6A8D6B7BFD}.Release|Any CPU.ActiveCfg = Release|Any CPU
		{7AE9734E-1E46-4D25-82DA-DA6A8D6B7BFD}.Release|Any CPU.Build.0 = Release|Any CPU
		{5FA04F60-1E43-46C3-B8DA-3D71E94CCCB4}.Debug|Any CPU.ActiveCfg = Debug|Any CPU
		{5FA04F60-1E43-46C3-B8DA-3D71E94CCCB4}.Debug|Any CPU.Build.0 = Debug|Any CPU
		{5FA04F60-1E43-46C3-B8DA-3D71E94CCCB4}.Release|Any CPU.ActiveCfg = Release|Any CPU
		{5FA04F60-1E43-46C3-B8DA-3D71E94CCCB4}.Release|Any CPU.Build.0 = Release|Any CPU
		{24A83835-327B-4702-A38E-FECA0A07C32B}.Debug|Any CPU.ActiveCfg = Debug|Any CPU
		{24A83835-327B-4702-A38E-FECA0A07C32B}.Debug|Any CPU.Build.0 = Debug|Any CPU
		{24A83835-327B-4702-A38E-FECA0A07C32B}.Release|Any CPU.ActiveCfg = Release|Any CPU
		{24A83835-327B-4702-A38E-FECA0A07C32B}.Release|Any CPU.Build.0 = Release|Any CPU
		{179F61CB-59D2-48F4-8127-6DA68BE68A70}.Debug|Any CPU.ActiveCfg = Debug|Any CPU
		{179F61CB-59D2-48F4-8127-6DA68BE68A70}.Debug|Any CPU.Build.0 = Debug|Any CPU
		{179F61CB-59D2-48F4-8127-6DA68BE68A70}.Release|Any CPU.ActiveCfg = Release|Any CPU
		{179F61CB-59D2-48F4-8127-6DA68BE68A70}.Release|Any CPU.Build.0 = Release|Any CPU
		{AF77B168-74F8-48A5-80E4-6AE754FE2050}.Debug|Any CPU.ActiveCfg = Debug|Any CPU
		{AF77B168-74F8-48A5-80E4-6AE754FE2050}.Debug|Any CPU.Build.0 = Debug|Any CPU
		{AF77B168-74F8-48A5-80E4-6AE754FE2050}.Release|Any CPU.ActiveCfg = Release|Any CPU
		{AF77B168-74F8-48A5-80E4-6AE754FE2050}.Release|Any CPU.Build.0 = Release|Any CPU
		{BF98938E-E565-4195-BC36-4C12D4307DA2}.Debug|Any CPU.ActiveCfg = Debug|Any CPU
		{BF98938E-E565-4195-BC36-4C12D4307DA2}.Debug|Any CPU.Build.0 = Debug|Any CPU
		{BF98938E-E565-4195-BC36-4C12D4307DA2}.Release|Any CPU.ActiveCfg = Release|Any CPU
		{BF98938E-E565-4195-BC36-4C12D4307DA2}.Release|Any CPU.Build.0 = Release|Any CPU
		{9612E77F-EE25-4D8D-8165-A777DEDFA4A2}.Debug|Any CPU.ActiveCfg = Debug|Any CPU
		{9612E77F-EE25-4D8D-8165-A777DEDFA4A2}.Debug|Any CPU.Build.0 = Debug|Any CPU
		{9612E77F-EE25-4D8D-8165-A777DEDFA4A2}.Release|Any CPU.ActiveCfg = Release|Any CPU
		{9612E77F-EE25-4D8D-8165-A777DEDFA4A2}.Release|Any CPU.Build.0 = Release|Any CPU
		{185CAF02-7942-4240-857B-FE647BD2581E}.Debug|Any CPU.ActiveCfg = Debug|Any CPU
		{185CAF02-7942-4240-857B-FE647BD2581E}.Debug|Any CPU.Build.0 = Debug|Any CPU
		{185CAF02-7942-4240-857B-FE647BD2581E}.Release|Any CPU.ActiveCfg = Release|Any CPU
		{185CAF02-7942-4240-857B-FE647BD2581E}.Release|Any CPU.Build.0 = Release|Any CPU
		{179F5510-CADB-47B0-956E-B9D63912F78B}.Debug|Any CPU.ActiveCfg = Debug|Any CPU
		{179F5510-CADB-47B0-956E-B9D63912F78B}.Debug|Any CPU.Build.0 = Debug|Any CPU
		{179F5510-CADB-47B0-956E-B9D63912F78B}.Release|Any CPU.ActiveCfg = Release|Any CPU
		{179F5510-CADB-47B0-956E-B9D63912F78B}.Release|Any CPU.Build.0 = Release|Any CPU
		{30CA86F2-FC17-4363-913A-978BD7282269}.Debug|Any CPU.ActiveCfg = Debug|Any CPU
		{30CA86F2-FC17-4363-913A-978BD7282269}.Debug|Any CPU.Build.0 = Debug|Any CPU
		{30CA86F2-FC17-4363-913A-978BD7282269}.Release|Any CPU.ActiveCfg = Release|Any CPU
		{30CA86F2-FC17-4363-913A-978BD7282269}.Release|Any CPU.Build.0 = Release|Any CPU
		{0D5C5EBB-C1AE-47E3-9FB8-35C632D009DE}.Debug|Any CPU.ActiveCfg = Debug|Any CPU
		{0D5C5EBB-C1AE-47E3-9FB8-35C632D009DE}.Debug|Any CPU.Build.0 = Debug|Any CPU
		{0D5C5EBB-C1AE-47E3-9FB8-35C632D009DE}.Release|Any CPU.ActiveCfg = Release|Any CPU
		{0D5C5EBB-C1AE-47E3-9FB8-35C632D009DE}.Release|Any CPU.Build.0 = Release|Any CPU
	EndGlobalSection
EndGlobal
